
Microsoft Visual Studio Solution File, Format Version 12.00
# Visual Studio Version 17
VisualStudioVersion = 17.14.36414.22 d17.14
MinimumVisualStudioVersion = 10.0.40219.1
Project("{FAE04EC0-301F-11D3-BF4B-00C04F79EFBC}") = "Mini Project - Pizza Resto Shodwe", "Mini Project - Pizza Resto Shodwe.csproj", "{C0B910F7-DA1F-41F3-9A93-C51F094A995F}"
EndProject
Global
	GlobalSection(SolutionConfigurationPlatforms) = preSolution
		Debug|Any CPU = Debug|Any CPU
		Release|Any CPU = Release|Any CPU
	EndGlobalSection
	GlobalSection(ProjectConfigurationPlatforms) = postSolution
		{C0B910F7-DA1F-41F3-9A93-C51F094A995F}.Debug|Any CPU.ActiveCfg = Debug|Any CPU
		{C0B910F7-DA1F-41F3-9A93-C51F094A995F}.Debug|Any CPU.Build.0 = Debug|Any CPU
		{C0B910F7-DA1F-41F3-9A93-C51F094A995F}.Release|Any CPU.ActiveCfg = Release|Any CPU
		{C0B910F7-DA1F-41F3-9A93-C51F094A995F}.Release|Any CPU.Build.0 = Release|Any CPU
	EndGlobalSection
	GlobalSection(SolutionProperties) = preSolution
		HideSolutionNode = FALSE
	EndGlobalSection
	GlobalSection(ExtensibilityGlobals) = postSolution
		SolutionGuid = {BF59D10C-20DA-445D-B6B1-13280B90875F}
	EndGlobalSection
EndGlobal
